
Microsoft Visual Studio Solution File, Format Version 12.00
# Visual Studio Version 16
VisualStudioVersion = 25.0.1706.4
MinimumVisualStudioVersion = 10.0.40219.1
Project("{FAE04EC0-301F-11D3-BF4B-00C04F79EFBC}") = "Homework", "Homework\Homework.csproj", "{C235F40F-D8FE-40ED-AD7D-2AF9A75E629D}"
EndProject
Global
	GlobalSection(SolutionConfigurationPlatforms) = preSolution
		Debug|Any CPU = Debug|Any CPU
		Release|Any CPU = Release|Any CPU
	EndGlobalSection
	GlobalSection(ProjectConfigurationPlatforms) = postSolution
		{C235F40F-D8FE-40ED-AD7D-2AF9A75E629D}.Debug|Any CPU.ActiveCfg = Debug|Any CPU
		{C235F40F-D8FE-40ED-AD7D-2AF9A75E629D}.Debug|Any CPU.Build.0 = Debug|Any CPU
		{C235F40F-D8FE-40ED-AD7D-2AF9A75E629D}.Release|Any CPU.ActiveCfg = Release|Any CPU
		{C235F40F-D8FE-40ED-AD7D-2AF9A75E629D}.Release|Any CPU.Build.0 = Release|Any CPU
	EndGlobalSection
	GlobalSection(SolutionProperties) = preSolution
		HideSolutionNode = FALSE
	EndGlobalSection
	GlobalSection(ExtensibilityGlobals) = postSolution
		SolutionGuid = {DB244FB7-4F97-4AAB-AB03-E14BF6EC920B}
	EndGlobalSection
EndGlobal
